
Microsoft Visual Studio Solution File, Format Version 12.00
# Visual Studio Version 17
VisualStudioVersion = 17.1.32414.318
MinimumVisualStudioVersion = 10.0.40219.1
Project("{FAE04EC0-301F-11D3-BF4B-00C04F79EFBC}") = "PnLSystem", "PnLSystem\PnLSystem.csproj", "{77173FCE-2800-4AE1-8082-0746719CA2D6}"
EndProject
Global
	GlobalSection(SolutionConfigurationPlatforms) = preSolution
		Debug|Any CPU = Debug|Any CPU
		Release|Any CPU = Release|Any CPU
	EndGlobalSection
	GlobalSection(ProjectConfigurationPlatforms) = postSolution
		{77173FCE-2800-4AE1-8082-0746719CA2D6}.Debug|Any CPU.ActiveCfg = Debug|Any CPU
		{77173FCE-2800-4AE1-8082-0746719CA2D6}.Debug|Any CPU.Build.0 = Debug|Any CPU
		{77173FCE-2800-4AE1-8082-0746719CA2D6}.Release|Any CPU.ActiveCfg = Release|Any CPU
		{77173FCE-2800-4AE1-8082-0746719CA2D6}.Release|Any CPU.Build.0 = Release|Any CPU
	EndGlobalSection
	GlobalSection(SolutionProperties) = preSolution
		HideSolutionNode = FALSE
	EndGlobalSection
	GlobalSection(ExtensibilityGlobals) = postSolution
		SolutionGuid = {5B003DE6-7E02-4121-A8A3-8FA4A7D4CBE7}
	EndGlobalSection
EndGlobal
